
Microsoft Visual Studio Solution File, Format Version 12.00
# Visual Studio Version 16
VisualStudioVersion = 16.0.31205.134
MinimumVisualStudioVersion = 10.0.40219.1
Project("{FAE04EC0-301F-11D3-BF4B-00C04F79EFBC}") = "GestFrigo", "GestFrigo\GestFrigo.csproj", "{17576606-681D-42EA-BAA7-FA8C6608C005}"
EndProject
Project("{00D1A9C2-B5F0-4AF3-8072-F6C62B433612}") = "GestFrigo.Database", "GestFrigo.Database\GestFrigo.Database.sqlproj", "{CDE5F958-5237-441D-B88F-C7DBE11378AE}"
EndProject
Project("{2150E333-8FDC-42A3-9474-1A3956D46DE8}") = "0-Database", "0-Database", "{B5737D4E-58F5-416F-B160-22EFDFBE6546}"
EndProject
Project("{2150E333-8FDC-42A3-9474-1A3956D46DE8}") = "1-Models", "1-Models", "{455970C4-0F13-48C7-ACED-8206C08434C6}"
EndProject
Project("{2150E333-8FDC-42A3-9474-1A3956D46DE8}") = "2-UI", "2-UI", "{55AE6534-5D3E-4CBC-8B3B-84D41476A269}"
EndProject
Project("{2150E333-8FDC-42A3-9474-1A3956D46DE8}") = "3-Tools", "3-Tools", "{7D45D42B-32F5-4075-97EE-EA5DFF6DF1F9}"
EndProject
Project("{9A19103F-16F7-4668-BE54-9A1E7A4F7556}") = "Tools.Connections", "Tools.Connections\Tools.Connections.csproj", "{7A573610-AE7E-44C9-84E6-FC01441DF9A4}"
EndProject
Project("{2150E333-8FDC-42A3-9474-1A3956D46DE8}") = "Global", "Global", "{06268468-D732-4801-9917-5EFE6440AEAC}"
EndProject
Project("{2150E333-8FDC-42A3-9474-1A3956D46DE8}") = "Client", "Client", "{BACCA2A5-7CF5-4DCE-A725-4869A1AB9AFE}"
EndProject
Project("{FAE04EC0-301F-11D3-BF4B-00C04F79EFBC}") = "GestFrigo.Models.Global", "GestFrigo.Models.Global\GestFrigo.Models.Global.csproj", "{67C5F64F-4C09-411D-A35D-ABABD9DE5817}"
EndProject
Project("{2150E333-8FDC-42A3-9474-1A3956D46DE8}") = "Repositories", "Repositories", "{34C89275-89FA-4E39-8019-E802EF7CE03C}"
EndProject
Project("{FAE04EC0-301F-11D3-BF4B-00C04F79EFBC}") = "GestFrigo.Models.Repositories", "GestFrigo.Models.Repositories\GestFrigo.Models.Repositories.csproj", "{DAA31CE2-7347-4D4C-95BD-FC340ADB602D}"
EndProject
Project("{2150E333-8FDC-42A3-9474-1A3956D46DE8}") = "4-Tests", "4-Tests", "{A40C7420-9B43-4F04-8132-0E3076D7B6E2}"
EndProject
Project("{FAE04EC0-301F-11D3-BF4B-00C04F79EFBC}") = "GestFrigo.Test", "GestFrigo.Test\GestFrigo.Test.csproj", "{CF2E064A-215B-4349-88B8-69D30E36734E}"
EndProject
Project("{FAE04EC0-301F-11D3-BF4B-00C04F79EFBC}") = "GestFrigo.Models.Client", "GestFrigo.Models.Client\GestFrigo.Models.Client.csproj", "{A08E52B5-5FFA-48B5-AF94-763150F764A0}"
EndProject
Project("{FAE04EC0-301F-11D3-BF4B-00C04F79EFBC}") = "Tools.Patterns", "Tools.Patterns\Tools.Patterns.csproj", "{E68202D1-0981-4824-B82F-FC45432520BD}"
EndProject
Global
	GlobalSection(SolutionConfigurationPlatforms) = preSolution
		Debug|Any CPU = Debug|Any CPU
		Release|Any CPU = Release|Any CPU
	EndGlobalSection
	GlobalSection(ProjectConfigurationPlatforms) = postSolution
		{17576606-681D-42EA-BAA7-FA8C6608C005}.Debug|Any CPU.ActiveCfg = Debug|Any CPU
		{17576606-681D-42EA-BAA7-FA8C6608C005}.Debug|Any CPU.Build.0 = Debug|Any CPU
		{17576606-681D-42EA-BAA7-FA8C6608C005}.Release|Any CPU.ActiveCfg = Release|Any CPU
		{17576606-681D-42EA-BAA7-FA8C6608C005}.Release|Any CPU.Build.0 = Release|Any CPU
		{CDE5F958-5237-441D-B88F-C7DBE11378AE}.Debug|Any CPU.ActiveCfg = Debug|Any CPU
		{CDE5F958-5237-441D-B88F-C7DBE11378AE}.Debug|Any CPU.Build.0 = Debug|Any CPU
		{CDE5F958-5237-441D-B88F-C7DBE11378AE}.Debug|Any CPU.Deploy.0 = Debug|Any CPU
		{CDE5F958-5237-441D-B88F-C7DBE11378AE}.Release|Any CPU.ActiveCfg = Release|Any CPU
		{CDE5F958-5237-441D-B88F-C7DBE11378AE}.Release|Any CPU.Build.0 = Release|Any CPU
		{CDE5F958-5237-441D-B88F-C7DBE11378AE}.Release|Any CPU.Deploy.0 = Release|Any CPU
		{7A573610-AE7E-44C9-84E6-FC01441DF9A4}.Debug|Any CPU.ActiveCfg = Debug|Any CPU
		{7A573610-AE7E-44C9-84E6-FC01441DF9A4}.Debug|Any CPU.Build.0 = Debug|Any CPU
		{7A573610-AE7E-44C9-84E6-FC01441DF9A4}.Release|Any CPU.ActiveCfg = Release|Any CPU
		{7A573610-AE7E-44C9-84E6-FC01441DF9A4}.Release|Any CPU.Build.0 = Release|Any CPU
		{67C5F64F-4C09-411D-A35D-ABABD9DE5817}.Debug|Any CPU.ActiveCfg = Debug|Any CPU
		{67C5F64F-4C09-411D-A35D-ABABD9DE5817}.Debug|Any CPU.Build.0 = Debug|Any CPU
		{67C5F64F-4C09-411D-A35D-ABABD9DE5817}.Release|Any CPU.ActiveCfg = Release|Any CPU
		{67C5F64F-4C09-411D-A35D-ABABD9DE5817}.Release|Any CPU.Build.0 = Release|Any CPU
		{DAA31CE2-7347-4D4C-95BD-FC340ADB602D}.Debug|Any CPU.ActiveCfg = Debug|Any CPU
		{DAA31CE2-7347-4D4C-95BD-FC340ADB602D}.Debug|Any CPU.Build.0 = Debug|Any CPU
		{DAA31CE2-7347-4D4C-95BD-FC340ADB602D}.Release|Any CPU.ActiveCfg = Release|Any CPU
		{DAA31CE2-7347-4D4C-95BD-FC340ADB602D}.Release|Any CPU.Build.0 = Release|Any CPU
		{CF2E064A-215B-4349-88B8-69D30E36734E}.Debug|Any CPU.ActiveCfg = Debug|Any CPU
		{CF2E064A-215B-4349-88B8-69D30E36734E}.Debug|Any CPU.Build.0 = Debug|Any CPU
		{CF2E064A-215B-4349-88B8-69D30E36734E}.Release|Any CPU.ActiveCfg = Release|Any CPU
		{CF2E064A-215B-4349-88B8-69D30E36734E}.Release|Any CPU.Build.0 = Release|Any CPU
		{A08E52B5-5FFA-48B5-AF94-763150F764A0}.Debug|Any CPU.ActiveCfg = Debug|Any CPU
		{A08E52B5-5FFA-48B5-AF94-763150F764A0}.Debug|Any CPU.Build.0 = Debug|Any CPU
		{A08E52B5-5FFA-48B5-AF94-763150F764A0}.Release|Any CPU.ActiveCfg = Release|Any CPU
		{A08E52B5-5FFA-48B5-AF94-763150F764A0}.Release|Any CPU.Build.0 = Release|Any CPU
		{E68202D1-0981-4824-B82F-FC45432520BD}.Debug|Any CPU.ActiveCfg = Debug|Any CPU
		{E68202D1-0981-4824-B82F-FC45432520BD}.Debug|Any CPU.Build.0 = Debug|Any CPU
		{E68202D1-0981-4824-B82F-FC45432520BD}.Release|Any CPU.ActiveCfg = Release|Any CPU
		{E68202D1-0981-4824-B82F-FC45432520BD}.Release|Any CPU.Build.0 = Release|Any CPU
	EndGlobalSection
	GlobalSection(SolutionProperties) = preSolution
		HideSolutionNode = FALSE
	EndGlobalSection
	GlobalSection(NestedProjects) = preSolution
		{17576606-681D-42EA-BAA7-FA8C6608C005} = {55AE6534-5D3E-4CBC-8B3B-84D41476A269}
		{CDE5F958-5237-441D-B88F-C7DBE11378AE} = {B5737D4E-58F5-416F-B160-22EFDFBE6546}
		{7A573610-AE7E-44C9-84E6-FC01441DF9A4} = {7D45D42B-32F5-4075-97EE-EA5DFF6DF1F9}
		{06268468-D732-4801-9917-5EFE6440AEAC} = {455970C4-0F13-48C7-ACED-8206C08434C6}
		{BACCA2A5-7CF5-4DCE-A725-4869A1AB9AFE} = {455970C4-0F13-48C7-ACED-8206C08434C6}
		{67C5F64F-4C09-411D-A35D-ABABD9DE5817} = {06268468-D732-4801-9917-5EFE6440AEAC}
		{34C89275-89FA-4E39-8019-E802EF7CE03C} = {455970C4-0F13-48C7-ACED-8206C08434C6}
		{DAA31CE2-7347-4D4C-95BD-FC340ADB602D} = {34C89275-89FA-4E39-8019-E802EF7CE03C}
		{CF2E064A-215B-4349-88B8-69D30E36734E} = {A40C7420-9B43-4F04-8132-0E3076D7B6E2}
		{A08E52B5-5FFA-48B5-AF94-763150F764A0} = {BACCA2A5-7CF5-4DCE-A725-4869A1AB9AFE}
		{E68202D1-0981-4824-B82F-FC45432520BD} = {7D45D42B-32F5-4075-97EE-EA5DFF6DF1F9}
	EndGlobalSection
	GlobalSection(ExtensibilityGlobals) = postSolution
		SolutionGuid = {1B6F8FB8-D30D-4A4D-AAD2-6D6C4AE12007}
	EndGlobalSection
EndGlobal
